
Microsoft Visual Studio Solution File, Format Version 12.00
# Visual Studio 15
VisualStudioVersion = 15.0.27428.2015
MinimumVisualStudioVersion = 10.0.40219.1
Project("{2150E333-8FDC-42A3-9474-1A3956D46DE8}") = "Libraries", "Libraries", "{170B4A09-1B67-4A62-93AB-116EBCFF4A8C}"
EndProject
Project("{2150E333-8FDC-42A3-9474-1A3956D46DE8}") = "Programs", "Programs", "{E0863FCC-8E72-490D-BE1B-458F12CA8298}"
EndProject
Project("{2150E333-8FDC-42A3-9474-1A3956D46DE8}") = "Solution Items", "Solution Items", "{8F6C846D-35E2-47FD-AF42-7A3FD036346E}"
	ProjectSection(SolutionItems) = preProject
		.gitignore = .gitignore
		LICENSE = LICENSE
		makefile = makefile
		README.md = README.md
		SWITCH_KEYS.md = SWITCH_KEYS.md
	EndProjectSection
EndProject
Project("{8BC9CEB8-8B4A-11D0-8D11-00A0C91BC942}") = "nstool", "programs\nstool\nstool.vcxproj", "{AF09FA96-4463-417D-8FE6-526063F41349}"
EndProject
Project("{8BC9CEB8-8B4A-11D0-8D11-00A0C91BC942}") = "libfnd", "lib\libfnd\libfnd.vcxproj", "{4D27EDB9-5110-44FE-8CE2-D46C5AD3C55B}"
EndProject
Project("{8BC9CEB8-8B4A-11D0-8D11-00A0C91BC942}") = "libpolarssl", "lib\libpolarssl\libpolarssl.vcxproj", "{394EFC16-BD3A-4538-B33D-7BA1EDB8DAC1}"
EndProject
Project("{8BC9CEB8-8B4A-11D0-8D11-00A0C91BC942}") = "liblz4", "lib\liblz4\liblz4.vcxproj", "{AB0C3362-63AB-480A-ADBC-2EF7D859778B}"
EndProject
Project("{8BC9CEB8-8B4A-11D0-8D11-00A0C91BC942}") = "libpki", "lib\libpki\libpki.vcxproj", "{B9113734-6E84-44FF-8CF7-58199AA815C5}"
EndProject
Project("{8BC9CEB8-8B4A-11D0-8D11-00A0C91BC942}") = "libes", "lib\libes\libes.vcxproj", "{7BE99936-0D40-410D-944B-4513C2EFF8DC}"
EndProject
Project("{8BC9CEB8-8B4A-11D0-8D11-00A0C91BC942}") = "libhac", "lib\libhac\libhac.vcxproj", "{91BA9E79-8242-4F7D-B997-0DFEC95EA22B}"
EndProject
Project("{8BC9CEB8-8B4A-11D0-8D11-00A0C91BC942}") = "libhac-hb", "lib\libhac-hb\libhac-hb.vcxproj", "{738CB4FC-CD9E-4B81-A04B-DEADBFA71C63}"
EndProject
Global
	GlobalSection(SolutionConfigurationPlatforms) = preSolution
		Debug|x64 = Debug|x64
		Debug|x86 = Debug|x86
		Release|x64 = Release|x64
		Release|x86 = Release|x86
	EndGlobalSection
	GlobalSection(ProjectConfigurationPlatforms) = postSolution
		{AF09FA96-4463-417D-8FE6-526063F41349}.Debug|x64.ActiveCfg = Debug|x64
		{AF09FA96-4463-417D-8FE6-526063F41349}.Debug|x64.Build.0 = Debug|x64
		{AF09FA96-4463-417D-8FE6-526063F41349}.Debug|x86.ActiveCfg = Debug|Win32
		{AF09FA96-4463-417D-8FE6-526063F41349}.Debug|x86.Build.0 = Debug|Win32
		{AF09FA96-4463-417D-8FE6-526063F41349}.Release|x64.ActiveCfg = Release|x64
		{AF09FA96-4463-417D-8FE6-526063F41349}.Release|x64.Build.0 = Release|x64
		{AF09FA96-4463-417D-8FE6-526063F41349}.Release|x86.ActiveCfg = Release|Win32
		{AF09FA96-4463-417D-8FE6-526063F41349}.Release|x86.Build.0 = Release|Win32
		{4D27EDB9-5110-44FE-8CE2-D46C5AD3C55B}.Debug|x64.ActiveCfg = Debug|x64
		{4D27EDB9-5110-44FE-8CE2-D46C5AD3C55B}.Debug|x64.Build.0 = Debug|x64
		{4D27EDB9-5110-44FE-8CE2-D46C5AD3C55B}.Debug|x86.ActiveCfg = Debug|Win32
		{4D27EDB9-5110-44FE-8CE2-D46C5AD3C55B}.Debug|x86.Build.0 = Debug|Win32
		{4D27EDB9-5110-44FE-8CE2-D46C5AD3C55B}.Release|x64.ActiveCfg = Release|x64
		{4D27EDB9-5110-44FE-8CE2-D46C5AD3C55B}.Release|x64.Build.0 = Release|x64
		{4D27EDB9-5110-44FE-8CE2-D46C5AD3C55B}.Release|x86.ActiveCfg = Release|Win32
		{4D27EDB9-5110-44FE-8CE2-D46C5AD3C55B}.Release|x86.Build.0 = Release|Win32
		{394EFC16-BD3A-4538-B33D-7BA1EDB8DAC1}.Debug|x64.ActiveCfg = Debug|x64
		{394EFC16-BD3A-4538-B33D-7BA1EDB8DAC1}.Debug|x64.Build.0 = Debug|x64
		{394EFC16-BD3A-4538-B33D-7BA1EDB8DAC1}.Debug|x86.ActiveCfg = Debug|Win32
		{394EFC16-BD3A-4538-B33D-7BA1EDB8DAC1}.Debug|x86.Build.0 = Debug|Win32
		{394EFC16-BD3A-4538-B33D-7BA1EDB8DAC1}.Release|x64.ActiveCfg = Release|x64
		{394EFC16-BD3A-4538-B33D-7BA1EDB8DAC1}.Release|x64.Build.0 = Release|x64
		{394EFC16-BD3A-4538-B33D-7BA1EDB8DAC1}.Release|x86.ActiveCfg = Release|Win32
		{394EFC16-BD3A-4538-B33D-7BA1EDB8DAC1}.Release|x86.Build.0 = Release|Win32
		{AB0C3362-63AB-480A-ADBC-2EF7D859778B}.Debug|x64.ActiveCfg = Debug|x64
		{AB0C3362-63AB-480A-ADBC-2EF7D859778B}.Debug|x64.Build.0 = Debug|x64
		{AB0C3362-63AB-480A-ADBC-2EF7D859778B}.Debug|x86.ActiveCfg = Debug|Win32
		{AB0C3362-63AB-480A-ADBC-2EF7D859778B}.Debug|x86.Build.0 = Debug|Win32
		{AB0C3362-63AB-480A-ADBC-2EF7D859778B}.Release|x64.ActiveCfg = Release|x64
		{AB0C3362-63AB-480A-ADBC-2EF7D859778B}.Release|x64.Build.0 = Release|x64
		{AB0C3362-63AB-480A-ADBC-2EF7D859778B}.Release|x86.ActiveCfg = Release|Win32
		{AB0C3362-63AB-480A-ADBC-2EF7D859778B}.Release|x86.Build.0 = Release|Win32
		{B9113734-6E84-44FF-8CF7-58199AA815C5}.Debug|x64.ActiveCfg = Debug|x64
		{B9113734-6E84-44FF-8CF7-58199AA815C5}.Debug|x64.Build.0 = Debug|x64
		{B9113734-6E84-44FF-8CF7-58199AA815C5}.Debug|x86.ActiveCfg = Debug|Win32
		{B9113734-6E84-44FF-8CF7-58199AA815C5}.Debug|x86.Build.0 = Debug|Win32
		{B9113734-6E84-44FF-8CF7-58199AA815C5}.Release|x64.ActiveCfg = Release|x64
		{B9113734-6E84-44FF-8CF7-58199AA815C5}.Release|x64.Build.0 = Release|x64
		{B9113734-6E84-44FF-8CF7-58199AA815C5}.Release|x86.ActiveCfg = Release|Win32
		{B9113734-6E84-44FF-8CF7-58199AA815C5}.Release|x86.Build.0 = Release|Win32
		{7BE99936-0D40-410D-944B-4513C2EFF8DC}.Debug|x64.ActiveCfg = Debug|x64
		{7BE99936-0D40-410D-944B-4513C2EFF8DC}.Debug|x64.Build.0 = Debug|x64
		{7BE99936-0D40-410D-944B-4513C2EFF8DC}.Debug|x86.ActiveCfg = Debug|Win32
		{7BE99936-0D40-410D-944B-4513C2EFF8DC}.Debug|x86.Build.0 = Debug|Win32
		{7BE99936-0D40-410D-944B-4513C2EFF8DC}.Release|x64.ActiveCfg = Release|x64
		{7BE99936-0D40-410D-944B-4513C2EFF8DC}.Release|x64.Build.0 = Release|x64
		{7BE99936-0D40-410D-944B-4513C2EFF8DC}.Release|x86.ActiveCfg = Release|Win32
		{7BE99936-0D40-410D-944B-4513C2EFF8DC}.Release|x86.Build.0 = Release|Win32
		{91BA9E79-8242-4F7D-B997-0DFEC95EA22B}.Debug|x64.ActiveCfg = Debug|x64
		{91BA9E79-8242-4F7D-B997-0DFEC95EA22B}.Debug|x64.Build.0 = Debug|x64
		{91BA9E79-8242-4F7D-B997-0DFEC95EA22B}.Debug|x86.ActiveCfg = Debug|Win32
		{91BA9E79-8242-4F7D-B997-0DFEC95EA22B}.Debug|x86.Build.0 = Debug|Win32
		{91BA9E79-8242-4F7D-B997-0DFEC95EA22B}.Release|x64.ActiveCfg = Release|x64
		{91BA9E79-8242-4F7D-B997-0DFEC95EA22B}.Release|x64.Build.0 = Release|x64
		{91BA9E79-8242-4F7D-B997-0DFEC95EA22B}.Release|x86.ActiveCfg = Release|Win32
		{91BA9E79-8242-4F7D-B997-0DFEC95EA22B}.Release|x86.Build.0 = Release|Win32
		{738CB4FC-CD9E-4B81-A04B-DEADBFA71C63}.Debug|x64.ActiveCfg = Debug|x64
		{738CB4FC-CD9E-4B81-A04B-DEADBFA71C63}.Debug|x64.Build.0 = Debug|x64
		{738CB4FC-CD9E-4B81-A04B-DEADBFA71C63}.Debug|x86.ActiveCfg = Debug|Win32
		{738CB4FC-CD9E-4B81-A04B-DEADBFA71C63}.Debug|x86.Build.0 = Debug|Win32
		{738CB4FC-CD9E-4B81-A04B-DEADBFA71C63}.Release|x64.ActiveCfg = Release|x64
		{738CB4FC-CD9E-4B81-A04B-DEADBFA71C63}.Release|x64.Build.0 = Release|x64
		{738CB4FC-CD9E-4B81-A04B-DEADBFA71C63}.Release|x86.ActiveCfg = Release|Win32
		{738CB4FC-CD9E-4B81-A04B-DEADBFA71C63}.Release|x86.Build.0 = Release|Win32
	EndGlobalSection
	GlobalSection(SolutionProperties) = preSolution
		HideSolutionNode = FALSE
	EndGlobalSection
	GlobalSection(NestedProjects) = preSolution
		{AF09FA96-4463-417D-8FE6-526063F41349} = {E0863FCC-8E72-490D-BE1B-458F12CA8298}
		{4D27EDB9-5110-44FE-8CE2-D46C5AD3C55B} = {170B4A09-1B67-4A62-93AB-116EBCFF4A8C}
		{394EFC16-BD3A-4538-B33D-7BA1EDB8DAC1} = {170B4A09-1B67-4A62-93AB-116EBCFF4A8C}
		{AB0C3362-63AB-480A-ADBC-2EF7D859778B} = {170B4A09-1B67-4A62-93AB-116EBCFF4A8C}
		{B9113734-6E84-44FF-8CF7-58199AA815C5} = {170B4A09-1B67-4A62-93AB-116EBCFF4A8C}
		{7BE99936-0D40-410D-944B-4513C2EFF8DC} = {170B4A09-1B67-4A62-93AB-116EBCFF4A8C}
		{91BA9E79-8242-4F7D-B997-0DFEC95EA22B} = {170B4A09-1B67-4A62-93AB-116EBCFF4A8C}
		{738CB4FC-CD9E-4B81-A04B-DEADBFA71C63} = {170B4A09-1B67-4A62-93AB-116EBCFF4A8C}
	EndGlobalSection
	GlobalSection(ExtensibilityGlobals) = postSolution
		SolutionGuid = {07DCCACC-D10D-47C9-85AE-FB9C54DB7D62}
	EndGlobalSection
EndGlobal
