
Microsoft Visual Studio Solution File, Format Version 12.00
# Visual Studio 14
VisualStudioVersion = 14.0.25420.1
MinimumVisualStudioVersion = 10.0.40219.1
Project("{8BC9CEB8-8B4A-11D0-8D11-00A0C91BC942}") = "libfnd", "lib\libfnd\fnd.vcxproj", "{4D27EDB9-5110-44FE-8CE2-D46C5AD3C55B}"
EndProject
Project("{8BC9CEB8-8B4A-11D0-8D11-00A0C91BC942}") = "libcrypto", "lib\libcrypto\crypto.vcxproj", "{6ADBB60D-DBA0-411D-BD2D-A355EF8E0FE1}"
EndProject
Project("{8BC9CEB8-8B4A-11D0-8D11-00A0C91BC942}") = "libnx", "lib\libnx\nx.vcxproj", "{91BA9E79-8242-4F7D-B997-0DFEC95EA22B}"
EndProject
Project("{8BC9CEB8-8B4A-11D0-8D11-00A0C91BC942}") = "ncatool", "programs\ncatool\ncatool.vcxproj", "{7DA88C6F-4470-495D-995A-4F633F3370C1}"
EndProject
Project("{2150E333-8FDC-42A3-9474-1A3956D46DE8}") = "Libraries", "Libraries", "{170B4A09-1B67-4A62-93AB-116EBCFF4A8C}"
	ProjectSection(SolutionItems) = preProject
		lib\makefile = lib\makefile
	EndProjectSection
EndProject
Project("{8BC9CEB8-8B4A-11D0-8D11-00A0C91BC942}") = "npdmtool", "programs\npdmtool\npdmtool.vcxproj", "{550C6AC3-EBE0-46CA-AE6C-EEEB59DDF35C}"
EndProject
Project("{2150E333-8FDC-42A3-9474-1A3956D46DE8}") = "Programs", "Programs", "{E0863FCC-8E72-490D-BE1B-458F12CA8298}"
	ProjectSection(SolutionItems) = preProject
		programs\makefile = programs\makefile
	EndProjectSection
EndProject
Project("{2150E333-8FDC-42A3-9474-1A3956D46DE8}") = "Solution Items", "Solution Items", "{8F6C846D-35E2-47FD-AF42-7A3FD036346E}"
	ProjectSection(SolutionItems) = preProject
		.gitignore = .gitignore
		makefile = makefile
		README.md = README.md
	EndProjectSection
EndProject
Project("{8BC9CEB8-8B4A-11D0-8D11-00A0C91BC942}") = "pfstool", "programs\pfstool\pfstool.vcxproj", "{BC2F2D07-BAB3-469C-9C25-8CC54F96F7AB}"
EndProject
Project("{8BC9CEB8-8B4A-11D0-8D11-00A0C91BC942}") = "libes", "lib\libes\es.vcxproj", "{7BE99936-0D40-410D-944B-4513C2EFF8DC}"
EndProject
Project("{8BC9CEB8-8B4A-11D0-8D11-00A0C91BC942}") = "tiktool", "programs\tiktool\tiktool.vcxproj", "{2200B834-F15A-4C6E-9DDB-6012B9A5C246}"
EndProject
Global
	GlobalSection(SolutionConfigurationPlatforms) = preSolution
		Debug|x64 = Debug|x64
		Debug|x86 = Debug|x86
		Release|x64 = Release|x64
		Release|x86 = Release|x86
	EndGlobalSection
	GlobalSection(ProjectConfigurationPlatforms) = postSolution
		{4D27EDB9-5110-44FE-8CE2-D46C5AD3C55B}.Debug|x64.ActiveCfg = Debug|x64
		{4D27EDB9-5110-44FE-8CE2-D46C5AD3C55B}.Debug|x64.Build.0 = Debug|x64
		{4D27EDB9-5110-44FE-8CE2-D46C5AD3C55B}.Debug|x86.ActiveCfg = Debug|Win32
		{4D27EDB9-5110-44FE-8CE2-D46C5AD3C55B}.Debug|x86.Build.0 = Debug|Win32
		{4D27EDB9-5110-44FE-8CE2-D46C5AD3C55B}.Release|x64.ActiveCfg = Release|x64
		{4D27EDB9-5110-44FE-8CE2-D46C5AD3C55B}.Release|x64.Build.0 = Release|x64
		{4D27EDB9-5110-44FE-8CE2-D46C5AD3C55B}.Release|x86.ActiveCfg = Release|Win32
		{4D27EDB9-5110-44FE-8CE2-D46C5AD3C55B}.Release|x86.Build.0 = Release|Win32
		{6ADBB60D-DBA0-411D-BD2D-A355EF8E0FE1}.Debug|x64.ActiveCfg = Debug|x64
		{6ADBB60D-DBA0-411D-BD2D-A355EF8E0FE1}.Debug|x64.Build.0 = Debug|x64
		{6ADBB60D-DBA0-411D-BD2D-A355EF8E0FE1}.Debug|x86.ActiveCfg = Debug|Win32
		{6ADBB60D-DBA0-411D-BD2D-A355EF8E0FE1}.Debug|x86.Build.0 = Debug|Win32
		{6ADBB60D-DBA0-411D-BD2D-A355EF8E0FE1}.Release|x64.ActiveCfg = Release|x64
		{6ADBB60D-DBA0-411D-BD2D-A355EF8E0FE1}.Release|x64.Build.0 = Release|x64
		{6ADBB60D-DBA0-411D-BD2D-A355EF8E0FE1}.Release|x86.ActiveCfg = Release|Win32
		{6ADBB60D-DBA0-411D-BD2D-A355EF8E0FE1}.Release|x86.Build.0 = Release|Win32
		{91BA9E79-8242-4F7D-B997-0DFEC95EA22B}.Debug|x64.ActiveCfg = Debug|x64
		{91BA9E79-8242-4F7D-B997-0DFEC95EA22B}.Debug|x64.Build.0 = Debug|x64
		{91BA9E79-8242-4F7D-B997-0DFEC95EA22B}.Debug|x86.ActiveCfg = Debug|Win32
		{91BA9E79-8242-4F7D-B997-0DFEC95EA22B}.Debug|x86.Build.0 = Debug|Win32
		{91BA9E79-8242-4F7D-B997-0DFEC95EA22B}.Release|x64.ActiveCfg = Release|x64
		{91BA9E79-8242-4F7D-B997-0DFEC95EA22B}.Release|x64.Build.0 = Release|x64
		{91BA9E79-8242-4F7D-B997-0DFEC95EA22B}.Release|x86.ActiveCfg = Release|Win32
		{91BA9E79-8242-4F7D-B997-0DFEC95EA22B}.Release|x86.Build.0 = Release|Win32
		{7DA88C6F-4470-495D-995A-4F633F3370C1}.Debug|x64.ActiveCfg = Debug|x64
		{7DA88C6F-4470-495D-995A-4F633F3370C1}.Debug|x64.Build.0 = Debug|x64
		{7DA88C6F-4470-495D-995A-4F633F3370C1}.Debug|x86.ActiveCfg = Debug|Win32
		{7DA88C6F-4470-495D-995A-4F633F3370C1}.Debug|x86.Build.0 = Debug|Win32
		{7DA88C6F-4470-495D-995A-4F633F3370C1}.Release|x64.ActiveCfg = Release|x64
		{7DA88C6F-4470-495D-995A-4F633F3370C1}.Release|x64.Build.0 = Release|x64
		{7DA88C6F-4470-495D-995A-4F633F3370C1}.Release|x86.ActiveCfg = Release|Win32
		{7DA88C6F-4470-495D-995A-4F633F3370C1}.Release|x86.Build.0 = Release|Win32
		{550C6AC3-EBE0-46CA-AE6C-EEEB59DDF35C}.Debug|x64.ActiveCfg = Debug|x64
		{550C6AC3-EBE0-46CA-AE6C-EEEB59DDF35C}.Debug|x64.Build.0 = Debug|x64
		{550C6AC3-EBE0-46CA-AE6C-EEEB59DDF35C}.Debug|x86.ActiveCfg = Debug|Win32
		{550C6AC3-EBE0-46CA-AE6C-EEEB59DDF35C}.Debug|x86.Build.0 = Debug|Win32
		{550C6AC3-EBE0-46CA-AE6C-EEEB59DDF35C}.Release|x64.ActiveCfg = Release|x64
		{550C6AC3-EBE0-46CA-AE6C-EEEB59DDF35C}.Release|x64.Build.0 = Release|x64
		{550C6AC3-EBE0-46CA-AE6C-EEEB59DDF35C}.Release|x86.ActiveCfg = Release|Win32
		{550C6AC3-EBE0-46CA-AE6C-EEEB59DDF35C}.Release|x86.Build.0 = Release|Win32
		{BC2F2D07-BAB3-469C-9C25-8CC54F96F7AB}.Debug|x64.ActiveCfg = Debug|x64
		{BC2F2D07-BAB3-469C-9C25-8CC54F96F7AB}.Debug|x64.Build.0 = Debug|x64
		{BC2F2D07-BAB3-469C-9C25-8CC54F96F7AB}.Debug|x86.ActiveCfg = Debug|Win32
		{BC2F2D07-BAB3-469C-9C25-8CC54F96F7AB}.Debug|x86.Build.0 = Debug|Win32
		{BC2F2D07-BAB3-469C-9C25-8CC54F96F7AB}.Release|x64.ActiveCfg = Release|x64
		{BC2F2D07-BAB3-469C-9C25-8CC54F96F7AB}.Release|x64.Build.0 = Release|x64
		{BC2F2D07-BAB3-469C-9C25-8CC54F96F7AB}.Release|x86.ActiveCfg = Release|Win32
		{BC2F2D07-BAB3-469C-9C25-8CC54F96F7AB}.Release|x86.Build.0 = Release|Win32
		{7BE99936-0D40-410D-944B-4513C2EFF8DC}.Debug|x64.ActiveCfg = Debug|x64
		{7BE99936-0D40-410D-944B-4513C2EFF8DC}.Debug|x64.Build.0 = Debug|x64
		{7BE99936-0D40-410D-944B-4513C2EFF8DC}.Debug|x86.ActiveCfg = Debug|Win32
		{7BE99936-0D40-410D-944B-4513C2EFF8DC}.Debug|x86.Build.0 = Debug|Win32
		{7BE99936-0D40-410D-944B-4513C2EFF8DC}.Release|x64.ActiveCfg = Release|x64
		{7BE99936-0D40-410D-944B-4513C2EFF8DC}.Release|x64.Build.0 = Release|x64
		{7BE99936-0D40-410D-944B-4513C2EFF8DC}.Release|x86.ActiveCfg = Release|Win32
		{7BE99936-0D40-410D-944B-4513C2EFF8DC}.Release|x86.Build.0 = Release|Win32
		{2200B834-F15A-4C6E-9DDB-6012B9A5C246}.Debug|x64.ActiveCfg = Debug|x64
		{2200B834-F15A-4C6E-9DDB-6012B9A5C246}.Debug|x64.Build.0 = Debug|x64
		{2200B834-F15A-4C6E-9DDB-6012B9A5C246}.Debug|x86.ActiveCfg = Debug|Win32
		{2200B834-F15A-4C6E-9DDB-6012B9A5C246}.Debug|x86.Build.0 = Debug|Win32
		{2200B834-F15A-4C6E-9DDB-6012B9A5C246}.Release|x64.ActiveCfg = Release|x64
		{2200B834-F15A-4C6E-9DDB-6012B9A5C246}.Release|x64.Build.0 = Release|x64
		{2200B834-F15A-4C6E-9DDB-6012B9A5C246}.Release|x86.ActiveCfg = Release|Win32
		{2200B834-F15A-4C6E-9DDB-6012B9A5C246}.Release|x86.Build.0 = Release|Win32
	EndGlobalSection
	GlobalSection(SolutionProperties) = preSolution
		HideSolutionNode = FALSE
	EndGlobalSection
	GlobalSection(NestedProjects) = preSolution
		{4D27EDB9-5110-44FE-8CE2-D46C5AD3C55B} = {170B4A09-1B67-4A62-93AB-116EBCFF4A8C}
		{6ADBB60D-DBA0-411D-BD2D-A355EF8E0FE1} = {170B4A09-1B67-4A62-93AB-116EBCFF4A8C}
		{91BA9E79-8242-4F7D-B997-0DFEC95EA22B} = {170B4A09-1B67-4A62-93AB-116EBCFF4A8C}
		{7DA88C6F-4470-495D-995A-4F633F3370C1} = {E0863FCC-8E72-490D-BE1B-458F12CA8298}
		{550C6AC3-EBE0-46CA-AE6C-EEEB59DDF35C} = {E0863FCC-8E72-490D-BE1B-458F12CA8298}
		{BC2F2D07-BAB3-469C-9C25-8CC54F96F7AB} = {E0863FCC-8E72-490D-BE1B-458F12CA8298}
		{7BE99936-0D40-410D-944B-4513C2EFF8DC} = {170B4A09-1B67-4A62-93AB-116EBCFF4A8C}
		{2200B834-F15A-4C6E-9DDB-6012B9A5C246} = {E0863FCC-8E72-490D-BE1B-458F12CA8298}
	EndGlobalSection
EndGlobal
