<?xml version="1.0" encoding="utf-8"?>
<Project ToolsVersion="4.0" xmlns="http://schemas.microsoft.com/developer/msbuild/2003">
  <ItemGroup>
    <Filter Include="Source Files">
      <UniqueIdentifier>{4FC737F1-C7A5-4376-A066-2A32D752A2FF}</UniqueIdentifier>
      <Extensions>cpp;c;cc;cxx;def;odl;idl;hpj;bat;asm;asmx</Extensions>
    </Filter>
    <Filter Include="Header Files">
      <UniqueIdentifier>{93995380-89BD-4b04-88EB-625FBE52EBFB}</UniqueIdentifier>
      <Extensions>h;hh;hpp;hxx;hm;inl;inc;xsd</Extensions>
    </Filter>
    <Filter Include="Resource Files">
      <UniqueIdentifier>{67DA6AB6-F800-4c08-8B7A-83BB121AAD01}</UniqueIdentifier>
      <Extensions>rc;ico;cur;bmp;dlg;rc2;rct;bin;rgs;gif;jpg;jpeg;jpe;resx;tiff;tif;png;wav;mfcribbon-ms</Extensions>
    </Filter>
  </ItemGroup>
  <ItemGroup>
    <None Include="makefile" />
  </ItemGroup>
  <ItemGroup>
    <ClInclude Include="include\nn\hac\AccessControlInfoBinary.h">
      <Filter>Header Files</Filter>
    </ClInclude>
    <ClInclude Include="include\nn\hac\AccessControlInfoDescBinary.h">
      <Filter>Header Files</Filter>
    </ClInclude>
    <ClInclude Include="include\nn\hac\aci.h">
      <Filter>Header Files</Filter>
    </ClInclude>
    <ClInclude Include="include\nn\hac\AesKeygen.h">
      <Filter>Header Files</Filter>
    </ClInclude>
    <ClInclude Include="include\nn\hac\ApplicationControlPropertyBinary.h">
      <Filter>Header Files</Filter>
    </ClInclude>
    <ClInclude Include="include\nn\hac\ApplicationControlPropertyUtils.h">
      <Filter>Header Files</Filter>
    </ClInclude>
    <ClInclude Include="include\nn\hac\cnmt.h">
      <Filter>Header Files</Filter>
    </ClInclude>
    <ClInclude Include="include\nn\hac\ContentMetaBinary.h">
      <Filter>Header Files</Filter>
    </ClInclude>
    <ClInclude Include="include\nn\hac\elf.h">
      <Filter>Header Files</Filter>
    </ClInclude>
    <ClInclude Include="include\nn\hac\fac.h">
      <Filter>Header Files</Filter>
    </ClInclude>
    <ClInclude Include="include\nn\hac\FileSystemAccessControlBinary.h">
      <Filter>Header Files</Filter>
    </ClInclude>
    <ClInclude Include="include\nn\hac\HandleTableSizeEntry.h">
      <Filter>Header Files</Filter>
    </ClInclude>
    <ClInclude Include="include\nn\hac\HandleTableSizeHandler.h">
      <Filter>Header Files</Filter>
    </ClInclude>
    <ClInclude Include="include\nn\hac\hierarchicalintegrity.h">
      <Filter>Header Files</Filter>
    </ClInclude>
    <ClInclude Include="include\nn\hac\HierarchicalIntegrityHeader.h">
      <Filter>Header Files</Filter>
    </ClInclude>
    <ClInclude Include="include\nn\hac\hierarchicalsha256.h">
      <Filter>Header Files</Filter>
    </ClInclude>
    <ClInclude Include="include\nn\hac\HierarchicalSha256Header.h">
      <Filter>Header Files</Filter>
    </ClInclude>
    <ClInclude Include="include\nn\hac\IKernelCapabilityHandler.h">
      <Filter>Header Files</Filter>
    </ClInclude>
    <ClInclude Include="include\nn\hac\InteruptEntry.h">
      <Filter>Header Files</Filter>
    </ClInclude>
    <ClInclude Include="include\nn\hac\InteruptHandler.h">
      <Filter>Header Files</Filter>
    </ClInclude>
    <ClInclude Include="include\nn\hac\kc.h">
      <Filter>Header Files</Filter>
    </ClInclude>
    <ClInclude Include="include\nn\hac\KernelCapabilityBinary.h">
      <Filter>Header Files</Filter>
    </ClInclude>
    <ClInclude Include="include\nn\hac\KernelCapabilityEntry.h">
      <Filter>Header Files</Filter>
    </ClInclude>
    <ClInclude Include="include\nn\hac\KernelVersionEntry.h">
      <Filter>Header Files</Filter>
    </ClInclude>
    <ClInclude Include="include\nn\hac\KernelVersionHandler.h">
      <Filter>Header Files</Filter>
    </ClInclude>
    <ClInclude Include="include\nn\hac\macro.h">
      <Filter>Header Files</Filter>
    </ClInclude>
    <ClInclude Include="include\nn\hac\MemoryMappingHandler.h">
      <Filter>Header Files</Filter>
    </ClInclude>
    <ClInclude Include="include\nn\hac\MemoryPageEntry.h">
      <Filter>Header Files</Filter>
    </ClInclude>
    <ClInclude Include="include\nn\hac\MiscFlagsEntry.h">
      <Filter>Header Files</Filter>
    </ClInclude>
    <ClInclude Include="include\nn\hac\MiscFlagsHandler.h">
      <Filter>Header Files</Filter>
    </ClInclude>
    <ClInclude Include="include\nn\hac\MiscParamsEntry.h">
      <Filter>Header Files</Filter>
    </ClInclude>
    <ClInclude Include="include\nn\hac\MiscParamsHandler.h">
      <Filter>Header Files</Filter>
    </ClInclude>
    <ClInclude Include="include\nn\hac\nacp.h">
      <Filter>Header Files</Filter>
    </ClInclude>
    <ClInclude Include="include\nn\hac\nca.h">
      <Filter>Header Files</Filter>
    </ClInclude>
    <ClInclude Include="include\nn\hac\NcaHeader.h">
      <Filter>Header Files</Filter>
    </ClInclude>
    <ClInclude Include="include\nn\hac\NcaUtils.h">
      <Filter>Header Files</Filter>
    </ClInclude>
    <ClInclude Include="include\nn\hac\npdm.h">
      <Filter>Header Files</Filter>
    </ClInclude>
    <ClInclude Include="include\nn\hac\NpdmBinary.h">
      <Filter>Header Files</Filter>
    </ClInclude>
    <ClInclude Include="include\nn\hac\nro.h">
      <Filter>Header Files</Filter>
    </ClInclude>
    <ClInclude Include="include\nn\hac\NroHeader.h">
      <Filter>Header Files</Filter>
    </ClInclude>
    <ClInclude Include="include\nn\hac\nrr.h">
      <Filter>Header Files</Filter>
    </ClInclude>
    <ClInclude Include="include\nn\hac\nso.h">
      <Filter>Header Files</Filter>
    </ClInclude>
    <ClInclude Include="include\nn\hac\NsoHeader.h">
      <Filter>Header Files</Filter>
    </ClInclude>
    <ClInclude Include="include\nn\hac\pfs.h">
      <Filter>Header Files</Filter>
    </ClInclude>
    <ClInclude Include="include\nn\hac\PfsHeader.h">
      <Filter>Header Files</Filter>
    </ClInclude>
    <ClInclude Include="include\nn\hac\romfs.h">
      <Filter>Header Files</Filter>
    </ClInclude>
    <ClInclude Include="include\nn\hac\ServiceAccessControlBinary.h">
      <Filter>Header Files</Filter>
    </ClInclude>
    <ClInclude Include="include\nn\hac\ServiceAccessControlEntry.h">
      <Filter>Header Files</Filter>
    </ClInclude>
    <ClInclude Include="include\nn\hac\SystemCallEntry.h">
      <Filter>Header Files</Filter>
    </ClInclude>
    <ClInclude Include="include\nn\hac\SystemCallHandler.h">
      <Filter>Header Files</Filter>
    </ClInclude>
    <ClInclude Include="include\nn\hac\ThreadInfoEntry.h">
      <Filter>Header Files</Filter>
    </ClInclude>
    <ClInclude Include="include\nn\hac\ThreadInfoHandler.h">
      <Filter>Header Files</Filter>
    </ClInclude>
    <ClInclude Include="include\nn\hac\xci.h">
      <Filter>Header Files</Filter>
    </ClInclude>
    <ClInclude Include="include\nn\hac\XciHeader.h">
      <Filter>Header Files</Filter>
    </ClInclude>
    <ClInclude Include="include\nn\hac\XciUtils.h">
      <Filter>Header Files</Filter>
    </ClInclude>
    <ClInclude Include="include\nn\hac\IdConverter.h">
      <Filter>Header Files</Filter>
    </ClInclude>
    <ClInclude Include="include\nn\hac\Result.h">
      <Filter>Header Files</Filter>
    </ClInclude>
  </ItemGroup>
  <ItemGroup>
    <ClCompile Include="source\AccessControlInfoBinary.cpp">
      <Filter>Source Files</Filter>
    </ClCompile>
    <ClCompile Include="source\AccessControlInfoDescBinary.cpp">
      <Filter>Source Files</Filter>
    </ClCompile>
    <ClCompile Include="source\AesKeygen.cpp">
      <Filter>Source Files</Filter>
    </ClCompile>
    <ClCompile Include="source\ApplicationControlPropertyBinary.cpp">
      <Filter>Source Files</Filter>
    </ClCompile>
    <ClCompile Include="source\ApplicationControlPropertyUtils.cpp">
      <Filter>Source Files</Filter>
    </ClCompile>
    <ClCompile Include="source\ContentMetaBinary.cpp">
      <Filter>Source Files</Filter>
    </ClCompile>
    <ClCompile Include="source\FileSystemAccessControlBinary.cpp">
      <Filter>Source Files</Filter>
    </ClCompile>
    <ClCompile Include="source\HandleTableSizeEntry.cpp">
      <Filter>Source Files</Filter>
    </ClCompile>
    <ClCompile Include="source\HandleTableSizeHandler.cpp">
      <Filter>Source Files</Filter>
    </ClCompile>
    <ClCompile Include="source\HierarchicalIntegrityHeader.cpp">
      <Filter>Source Files</Filter>
    </ClCompile>
    <ClCompile Include="source\HierarchicalSha256Header.cpp">
      <Filter>Source Files</Filter>
    </ClCompile>
    <ClCompile Include="source\InteruptEntry.cpp">
      <Filter>Source Files</Filter>
    </ClCompile>
    <ClCompile Include="source\InteruptHandler.cpp">
      <Filter>Source Files</Filter>
    </ClCompile>
    <ClCompile Include="source\KernelCapabilityBinary.cpp">
      <Filter>Source Files</Filter>
    </ClCompile>
    <ClCompile Include="source\KernelCapabilityEntry.cpp">
      <Filter>Source Files</Filter>
    </ClCompile>
    <ClCompile Include="source\KernelVersionEntry.cpp">
      <Filter>Source Files</Filter>
    </ClCompile>
    <ClCompile Include="source\KernelVersionHandler.cpp">
      <Filter>Source Files</Filter>
    </ClCompile>
    <ClCompile Include="source\MemoryMappingHandler.cpp">
      <Filter>Source Files</Filter>
    </ClCompile>
    <ClCompile Include="source\MemoryPageEntry.cpp">
      <Filter>Source Files</Filter>
    </ClCompile>
    <ClCompile Include="source\MiscFlagsEntry.cpp">
      <Filter>Source Files</Filter>
    </ClCompile>
    <ClCompile Include="source\MiscFlagsHandler.cpp">
      <Filter>Source Files</Filter>
    </ClCompile>
    <ClCompile Include="source\MiscParamsEntry.cpp">
      <Filter>Source Files</Filter>
    </ClCompile>
    <ClCompile Include="source\MiscParamsHandler.cpp">
      <Filter>Source Files</Filter>
    </ClCompile>
    <ClCompile Include="source\NcaHeader.cpp">
      <Filter>Source Files</Filter>
    </ClCompile>
    <ClCompile Include="source\NcaUtils.cpp">
      <Filter>Source Files</Filter>
    </ClCompile>
    <ClCompile Include="source\NpdmBinary.cpp">
      <Filter>Source Files</Filter>
    </ClCompile>
    <ClCompile Include="source\NroHeader.cpp">
      <Filter>Source Files</Filter>
    </ClCompile>
    <ClCompile Include="source\NsoHeader.cpp">
      <Filter>Source Files</Filter>
    </ClCompile>
    <ClCompile Include="source\PfsHeader.cpp">
      <Filter>Source Files</Filter>
    </ClCompile>
    <ClCompile Include="source\ServiceAccessControlBinary.cpp">
      <Filter>Source Files</Filter>
    </ClCompile>
    <ClCompile Include="source\ServiceAccessControlEntry.cpp">
      <Filter>Source Files</Filter>
    </ClCompile>
    <ClCompile Include="source\SystemCallEntry.cpp">
      <Filter>Source Files</Filter>
    </ClCompile>
    <ClCompile Include="source\SystemCallHandler.cpp">
      <Filter>Source Files</Filter>
    </ClCompile>
    <ClCompile Include="source\ThreadInfoEntry.cpp">
      <Filter>Source Files</Filter>
    </ClCompile>
    <ClCompile Include="source\ThreadInfoHandler.cpp">
      <Filter>Source Files</Filter>
    </ClCompile>
    <ClCompile Include="source\XciHeader.cpp">
      <Filter>Source Files</Filter>
    </ClCompile>
    <ClCompile Include="source\XciUtils.cpp">
      <Filter>Source Files</Filter>
    </ClCompile>
    <ClCompile Include="source\IdConverter.cpp">
      <Filter>Source Files</Filter>
    </ClCompile>
    <ClCompile Include="source\Result.cpp">
      <Filter>Source Files</Filter>
    </ClCompile>
  </ItemGroup>
</Project>