<?xml version="1.0" encoding="utf-8"?>
<Project ToolsVersion="4.0" xmlns="http://schemas.microsoft.com/developer/msbuild/2003">
  <ItemGroup>
    <Filter Include="Source Files">
      <UniqueIdentifier>{4FC737F1-C7A5-4376-A066-2A32D752A2FF}</UniqueIdentifier>
      <Extensions>cpp;c;cc;cxx;def;odl;idl;hpj;bat;asm;asmx</Extensions>
    </Filter>
    <Filter Include="Header Files">
      <UniqueIdentifier>{93995380-89BD-4b04-88EB-625FBE52EBFB}</UniqueIdentifier>
      <Extensions>h;hh;hpp;hxx;hm;inl;inc;xsd</Extensions>
    </Filter>
    <Filter Include="Resource Files">
      <UniqueIdentifier>{67DA6AB6-F800-4c08-8B7A-83BB121AAD01}</UniqueIdentifier>
      <Extensions>rc;ico;cur;bmp;dlg;rc2;rct;bin;rgs;gif;jpg;jpeg;jpe;resx;tiff;tif;png;wav;mfcribbon-ms</Extensions>
    </Filter>
  </ItemGroup>
  <ItemGroup>
    <ClCompile Include="source\CodeBinaryHeader.cpp">
      <Filter>Source Files</Filter>
    </ClCompile>
    <ClCompile Include="source\CodeSegment.cpp">
      <Filter>Source Files</Filter>
    </ClCompile>
    <ClCompile Include="source\NcchHeader.cpp">
      <Filter>Source Files</Filter>
    </ClCompile>
    <ClCompile Include="source\ProgramId.cpp">
      <Filter>Source Files</Filter>
    </ClCompile>
  </ItemGroup>
  <ItemGroup>
    <None Include="makefile" />
  </ItemGroup>
  <ItemGroup>
    <Text Include="notes.txt" />
  </ItemGroup>
  <ItemGroup>
    <ClInclude Include="include\nn\ctr\cia.h">
      <Filter>Header Files</Filter>
    </ClInclude>
    <ClInclude Include="include\nn\ctr\code.h">
      <Filter>Header Files</Filter>
    </ClInclude>
    <ClInclude Include="include\nn\ctr\CodeBinaryHeader.h">
      <Filter>Header Files</Filter>
    </ClInclude>
    <ClInclude Include="include\nn\ctr\CodeSegment.h">
      <Filter>Header Files</Filter>
    </ClInclude>
    <ClInclude Include="include\nn\ctr\macro.h">
      <Filter>Header Files</Filter>
    </ClInclude>
    <ClInclude Include="include\nn\ctr\ncch.h">
      <Filter>Header Files</Filter>
    </ClInclude>
    <ClInclude Include="include\nn\ctr\NcchHeader.h">
      <Filter>Header Files</Filter>
    </ClInclude>
    <ClInclude Include="include\nn\ctr\prog_id.h">
      <Filter>Header Files</Filter>
    </ClInclude>
    <ClInclude Include="include\nn\ctr\ProgramId.h">
      <Filter>Header Files</Filter>
    </ClInclude>
    <ClInclude Include="include\nn\ctr\smdh.h">
      <Filter>Header Files</Filter>
    </ClInclude>
  </ItemGroup>
</Project>