<?xml version="1.0" encoding="utf-8"?>
<Project ToolsVersion="4.0" xmlns="http://schemas.microsoft.com/developer/msbuild/2003">
  <ItemGroup>
    <Filter Include="Source Files">
      <UniqueIdentifier>{4FC737F1-C7A5-4376-A066-2A32D752A2FF}</UniqueIdentifier>
      <Extensions>cpp;c;cc;cxx;def;odl;idl;hpj;bat;asm;asmx</Extensions>
    </Filter>
    <Filter Include="Header Files">
      <UniqueIdentifier>{93995380-89BD-4b04-88EB-625FBE52EBFB}</UniqueIdentifier>
      <Extensions>h;hh;hpp;hxx;hm;inl;inc;ipp;xsd</Extensions>
    </Filter>
    <Filter Include="Resource Files">
      <UniqueIdentifier>{67DA6AB6-F800-4c08-8B7A-83BB121AAD01}</UniqueIdentifier>
      <Extensions>rc;ico;cur;bmp;dlg;rc2;rct;bin;rgs;gif;jpg;jpeg;jpe;resx;tiff;tif;png;wav;mfcribbon-ms</Extensions>
    </Filter>
  </ItemGroup>
  <ItemGroup>
    <None Include="makefile" />
    <None Include="README.md" />
  </ItemGroup>
  <ItemGroup>
    <ClInclude Include="source\AesCtrWrappedIFile.h">
      <Filter>Header Files</Filter>
    </ClInclude>
    <ClInclude Include="source\AssetProcess.h">
      <Filter>Header Files</Filter>
    </ClInclude>
    <ClInclude Include="source\CnmtProcess.h">
      <Filter>Header Files</Filter>
    </ClInclude>
    <ClInclude Include="source\ElfSymbolParser.h">
      <Filter>Header Files</Filter>
    </ClInclude>
    <ClInclude Include="source\EsTikProcess.h">
      <Filter>Header Files</Filter>
    </ClInclude>
    <ClInclude Include="source\HashTreeMeta.h">
      <Filter>Header Files</Filter>
    </ClInclude>
    <ClInclude Include="source\HashTreeWrappedIFile.h">
      <Filter>Header Files</Filter>
    </ClInclude>
    <ClInclude Include="source\NacpProcess.h">
      <Filter>Header Files</Filter>
    </ClInclude>
    <ClInclude Include="source\NcaProcess.h">
      <Filter>Header Files</Filter>
    </ClInclude>
    <ClInclude Include="source\NpdmProcess.h">
      <Filter>Header Files</Filter>
    </ClInclude>
    <ClInclude Include="source\NroProcess.h">
      <Filter>Header Files</Filter>
    </ClInclude>
    <ClInclude Include="source\NsoProcess.h">
      <Filter>Header Files</Filter>
    </ClInclude>
    <ClInclude Include="source\nstool.h">
      <Filter>Header Files</Filter>
    </ClInclude>
    <ClInclude Include="source\OffsetAdjustedIFile.h">
      <Filter>Header Files</Filter>
    </ClInclude>
    <ClInclude Include="source\PfsProcess.h">
      <Filter>Header Files</Filter>
    </ClInclude>
    <ClInclude Include="source\PkiCertProcess.h">
      <Filter>Header Files</Filter>
    </ClInclude>
    <ClInclude Include="source\PkiValidator.h">
      <Filter>Header Files</Filter>
    </ClInclude>
    <ClInclude Include="source\RoMetadataProcess.h">
      <Filter>Header Files</Filter>
    </ClInclude>
    <ClInclude Include="source\RomfsProcess.h">
      <Filter>Header Files</Filter>
    </ClInclude>
    <ClInclude Include="source\SdkApiString.h">
      <Filter>Header Files</Filter>
    </ClInclude>
    <ClInclude Include="source\UserSettings.h">
      <Filter>Header Files</Filter>
    </ClInclude>
    <ClInclude Include="source\version.h">
      <Filter>Header Files</Filter>
    </ClInclude>
    <ClInclude Include="source\XciProcess.h">
      <Filter>Header Files</Filter>
    </ClInclude>
  </ItemGroup>
  <ItemGroup>
    <ClCompile Include="source\AesCtrWrappedIFile.cpp">
      <Filter>Source Files</Filter>
    </ClCompile>
    <ClCompile Include="source\AssetProcess.cpp">
      <Filter>Source Files</Filter>
    </ClCompile>
    <ClCompile Include="source\CnmtProcess.cpp">
      <Filter>Source Files</Filter>
    </ClCompile>
    <ClCompile Include="source\ElfSymbolParser.cpp">
      <Filter>Source Files</Filter>
    </ClCompile>
    <ClCompile Include="source\EsTikProcess.cpp">
      <Filter>Source Files</Filter>
    </ClCompile>
    <ClCompile Include="source\HashTreeMeta.cpp">
      <Filter>Source Files</Filter>
    </ClCompile>
    <ClCompile Include="source\HashTreeWrappedIFile.cpp">
      <Filter>Source Files</Filter>
    </ClCompile>
    <ClCompile Include="source\main.cpp">
      <Filter>Source Files</Filter>
    </ClCompile>
    <ClCompile Include="source\NacpProcess.cpp">
      <Filter>Source Files</Filter>
    </ClCompile>
    <ClCompile Include="source\NcaProcess.cpp">
      <Filter>Source Files</Filter>
    </ClCompile>
    <ClCompile Include="source\NpdmProcess.cpp">
      <Filter>Source Files</Filter>
    </ClCompile>
    <ClCompile Include="source\NroProcess.cpp">
      <Filter>Source Files</Filter>
    </ClCompile>
    <ClCompile Include="source\NsoProcess.cpp">
      <Filter>Source Files</Filter>
    </ClCompile>
    <ClCompile Include="source\OffsetAdjustedIFile.cpp">
      <Filter>Source Files</Filter>
    </ClCompile>
    <ClCompile Include="source\PfsProcess.cpp">
      <Filter>Source Files</Filter>
    </ClCompile>
    <ClCompile Include="source\PkiCertProcess.cpp">
      <Filter>Source Files</Filter>
    </ClCompile>
    <ClCompile Include="source\PkiValidator.cpp">
      <Filter>Source Files</Filter>
    </ClCompile>
    <ClCompile Include="source\RoMetadataProcess.cpp">
      <Filter>Source Files</Filter>
    </ClCompile>
    <ClCompile Include="source\RomfsProcess.cpp">
      <Filter>Source Files</Filter>
    </ClCompile>
    <ClCompile Include="source\SdkApiString.cpp">
      <Filter>Source Files</Filter>
    </ClCompile>
    <ClCompile Include="source\UserSettings.cpp">
      <Filter>Source Files</Filter>
    </ClCompile>
    <ClCompile Include="source\XciProcess.cpp">
      <Filter>Source Files</Filter>
    </ClCompile>
  </ItemGroup>
</Project>