<?xml version="1.0" encoding="utf-8"?>
<Project ToolsVersion="4.0" xmlns="http://schemas.microsoft.com/developer/msbuild/2003">
  <ItemGroup>
    <Filter Include="Source Files">
      <UniqueIdentifier>{4FC737F1-C7A5-4376-A066-2A32D752A2FF}</UniqueIdentifier>
      <Extensions>cpp;c;cc;cxx;def;odl;idl;hpj;bat;asm;asmx</Extensions>
    </Filter>
    <Filter Include="Header Files">
      <UniqueIdentifier>{93995380-89BD-4b04-88EB-625FBE52EBFB}</UniqueIdentifier>
      <Extensions>h;hh;hpp;hxx;hm;inl;inc;xsd</Extensions>
    </Filter>
    <Filter Include="Resource Files">
      <UniqueIdentifier>{67DA6AB6-F800-4c08-8B7A-83BB121AAD01}</UniqueIdentifier>
      <Extensions>rc;ico;cur;bmp;dlg;rc2;rct;bin;rgs;gif;jpg;jpeg;jpe;resx;tiff;tif;png;wav;mfcribbon-ms</Extensions>
    </Filter>
  </ItemGroup>
  <ItemGroup>
    <ClInclude Include="NXCrypto.h">
      <Filter>Header Files</Filter>
    </ClInclude>
    <ClInclude Include="NcaHeader.h">
      <Filter>Header Files</Filter>
    </ClInclude>
    <ClInclude Include="AciHeader.h">
      <Filter>Header Files</Filter>
    </ClInclude>
    <ClInclude Include="SacEntry.h">
      <Filter>Header Files</Filter>
    </ClInclude>
    <ClInclude Include="ISerialiseableBinary.h">
      <Filter>Header Files</Filter>
    </ClInclude>
    <ClInclude Include="FacHeader.h">
      <Filter>Header Files</Filter>
    </ClInclude>
    <ClInclude Include="FacBinary.h">
      <Filter>Header Files</Filter>
    </ClInclude>
    <ClInclude Include="SacBinary.h">
      <Filter>Header Files</Filter>
    </ClInclude>
    <ClInclude Include="NpdmHeader.h">
      <Filter>Header Files</Filter>
    </ClInclude>
    <ClInclude Include="KernelCapability.h">
      <Filter>Header Files</Filter>
    </ClInclude>
    <ClInclude Include="ThreadInfoEntry.h">
      <Filter>Header Files</Filter>
    </ClInclude>
    <ClInclude Include="MiscParamsEntry.h">
      <Filter>Header Files</Filter>
    </ClInclude>
    <ClInclude Include="MiscFlagsEntry.h">
      <Filter>Header Files</Filter>
    </ClInclude>
    <ClInclude Include="HandleTableSizeEntry.h">
      <Filter>Header Files</Filter>
    </ClInclude>
    <ClInclude Include="IKernelCapabilityHandler.h">
      <Filter>Header Files</Filter>
    </ClInclude>
    <ClInclude Include="KernelVersionEntry.h">
      <Filter>Header Files</Filter>
    </ClInclude>
    <ClInclude Include="MemoryPageEntry.h">
      <Filter>Header Files</Filter>
    </ClInclude>
    <ClInclude Include="SystemCallEntry.h">
      <Filter>Header Files</Filter>
    </ClInclude>
    <ClInclude Include="InteruptEntry.h">
      <Filter>Header Files</Filter>
    </ClInclude>
    <ClInclude Include="KernelVersionHandler.h">
      <Filter>Header Files</Filter>
    </ClInclude>
    <ClInclude Include="HandleTableSizeHandler.h">
      <Filter>Header Files</Filter>
    </ClInclude>
    <ClInclude Include="MiscParamsHandler.h">
      <Filter>Header Files</Filter>
    </ClInclude>
    <ClInclude Include="MiscFlagsHandler.h">
      <Filter>Header Files</Filter>
    </ClInclude>
    <ClInclude Include="ThreadInfoHandler.h">
      <Filter>Header Files</Filter>
    </ClInclude>
    <ClInclude Include="InteruptHandler.h">
      <Filter>Header Files</Filter>
    </ClInclude>
    <ClInclude Include="SystemCallHandler.h">
      <Filter>Header Files</Filter>
    </ClInclude>
    <ClInclude Include="MemoryMappingHandler.h">
      <Filter>Header Files</Filter>
    </ClInclude>
    <ClInclude Include="AciBinary.h">
      <Filter>Header Files</Filter>
    </ClInclude>
    <ClInclude Include="KcBinary.h">
      <Filter>Header Files</Filter>
    </ClInclude>
  </ItemGroup>
  <ItemGroup>
    <ClCompile Include="NcaHeader.cpp">
      <Filter>Source Files</Filter>
    </ClCompile>
    <ClCompile Include="AciHeader.cpp">
      <Filter>Source Files</Filter>
    </ClCompile>
    <ClCompile Include="SacEntry.cpp">
      <Filter>Source Files</Filter>
    </ClCompile>
    <ClCompile Include="FacHeader.cpp">
      <Filter>Source Files</Filter>
    </ClCompile>
    <ClCompile Include="FacBinary.cpp">
      <Filter>Source Files</Filter>
    </ClCompile>
    <ClCompile Include="SacBinary.cpp">
      <Filter>Source Files</Filter>
    </ClCompile>
    <ClCompile Include="NpdmHeader.cpp">
      <Filter>Source Files</Filter>
    </ClCompile>
    <ClCompile Include="KernelCapability.cpp">
      <Filter>Source Files</Filter>
    </ClCompile>
    <ClCompile Include="ThreadInfoEntry.cpp">
      <Filter>Source Files</Filter>
    </ClCompile>
    <ClCompile Include="MiscParamsEntry.cpp">
      <Filter>Source Files</Filter>
    </ClCompile>
    <ClCompile Include="MiscFlagsEntry.cpp">
      <Filter>Source Files</Filter>
    </ClCompile>
    <ClCompile Include="HandleTableSizeEntry.cpp">
      <Filter>Source Files</Filter>
    </ClCompile>
    <ClCompile Include="KernelVersionEntry.cpp">
      <Filter>Source Files</Filter>
    </ClCompile>
    <ClCompile Include="MemoryPageEntry.cpp">
      <Filter>Source Files</Filter>
    </ClCompile>
    <ClCompile Include="SystemCallEntry.cpp">
      <Filter>Source Files</Filter>
    </ClCompile>
    <ClCompile Include="InteruptEntry.cpp">
      <Filter>Source Files</Filter>
    </ClCompile>
    <ClCompile Include="KernelVersionHandler.cpp">
      <Filter>Source Files</Filter>
    </ClCompile>
    <ClCompile Include="HandleTableSizeHandler.cpp">
      <Filter>Source Files</Filter>
    </ClCompile>
    <ClCompile Include="MiscParamsHandler.cpp">
      <Filter>Source Files</Filter>
    </ClCompile>
    <ClCompile Include="MiscFlagsHandler.cpp">
      <Filter>Source Files</Filter>
    </ClCompile>
    <ClCompile Include="ThreadInfoHandler.cpp">
      <Filter>Source Files</Filter>
    </ClCompile>
    <ClCompile Include="InteruptHandler.cpp">
      <Filter>Source Files</Filter>
    </ClCompile>
    <ClCompile Include="SystemCallHandler.cpp">
      <Filter>Source Files</Filter>
    </ClCompile>
    <ClCompile Include="MemoryMappingHandler.cpp">
      <Filter>Source Files</Filter>
    </ClCompile>
    <ClCompile Include="AciBinary.cpp">
      <Filter>Source Files</Filter>
    </ClCompile>
    <ClCompile Include="KcBinary.cpp">
      <Filter>Source Files</Filter>
    </ClCompile>
  </ItemGroup>
</Project>