<?xml version="1.0" encoding="utf-8"?>
<Project ToolsVersion="4.0" xmlns="http://schemas.microsoft.com/developer/msbuild/2003">
  <ItemGroup>
    <Filter Include="Source Files">
      <UniqueIdentifier>{4FC737F1-C7A5-4376-A066-2A32D752A2FF}</UniqueIdentifier>
      <Extensions>cpp;c;cc;cxx;def;odl;idl;hpj;bat;asm;asmx</Extensions>
    </Filter>
    <Filter Include="Header Files">
      <UniqueIdentifier>{93995380-89BD-4b04-88EB-625FBE52EBFB}</UniqueIdentifier>
      <Extensions>h;hh;hpp;hxx;hm;inl;inc;xsd</Extensions>
    </Filter>
    <Filter Include="Resource Files">
      <UniqueIdentifier>{67DA6AB6-F800-4c08-8B7A-83BB121AAD01}</UniqueIdentifier>
      <Extensions>rc;ico;cur;bmp;dlg;rc2;rct;bin;rgs;gif;jpg;jpeg;jpe;resx;tiff;tif;png;wav;mfcribbon-ms</Extensions>
    </Filter>
  </ItemGroup>
  <ItemGroup>
    <None Include="makefile" />
  </ItemGroup>
  <ItemGroup>
    <ClInclude Include="include\fnd\aes.h">
      <Filter>Header Files</Filter>
    </ClInclude>
    <ClInclude Include="include\fnd\base64.h">
      <Filter>Header Files</Filter>
    </ClInclude>
    <ClInclude Include="include\fnd\BitMath.h">
      <Filter>Header Files</Filter>
    </ClInclude>
    <ClInclude Include="include\fnd\ecdsa.h">
      <Filter>Header Files</Filter>
    </ClInclude>
    <ClInclude Include="include\fnd\elf.h">
      <Filter>Header Files</Filter>
    </ClInclude>
    <ClInclude Include="include\fnd\Endian.h">
      <Filter>Header Files</Filter>
    </ClInclude>
    <ClInclude Include="include\fnd\Exception.h">
      <Filter>Header Files</Filter>
    </ClInclude>
    <ClInclude Include="include\fnd\IFile.h">
      <Filter>Header Files</Filter>
    </ClInclude>
    <ClInclude Include="include\fnd\io.h">
      <Filter>Header Files</Filter>
    </ClInclude>
    <ClInclude Include="include\fnd\ISerialisable.h">
      <Filter>Header Files</Filter>
    </ClInclude>
    <ClInclude Include="include\fnd\List.h">
      <Filter>Header Files</Filter>
    </ClInclude>
    <ClInclude Include="include\fnd\lz4.h">
      <Filter>Header Files</Filter>
    </ClInclude>
    <ClInclude Include="include\fnd\ResourceFileReader.h">
      <Filter>Header Files</Filter>
    </ClInclude>
    <ClInclude Include="include\fnd\rsa.h">
      <Filter>Header Files</Filter>
    </ClInclude>
    <ClInclude Include="include\fnd\sha.h">
      <Filter>Header Files</Filter>
    </ClInclude>
    <ClInclude Include="include\fnd\SimpleFile.h">
      <Filter>Header Files</Filter>
    </ClInclude>
    <ClInclude Include="include\fnd\SimpleTextOutput.h">
      <Filter>Header Files</Filter>
    </ClInclude>
    <ClInclude Include="include\fnd\StringConv.h">
      <Filter>Header Files</Filter>
    </ClInclude>
    <ClInclude Include="include\fnd\types.h">
      <Filter>Header Files</Filter>
    </ClInclude>
    <ClInclude Include="include\fnd\Vec.h">
      <Filter>Header Files</Filter>
    </ClInclude>
  </ItemGroup>
  <ItemGroup>
    <ClCompile Include="source\aes_wrapper.cpp">
      <Filter>Source Files</Filter>
    </ClCompile>
    <ClCompile Include="source\base64_wrapper.cpp">
      <Filter>Source Files</Filter>
    </ClCompile>
    <ClCompile Include="source\Exception.cpp">
      <Filter>Source Files</Filter>
    </ClCompile>
    <ClCompile Include="source\io.cpp">
      <Filter>Source Files</Filter>
    </ClCompile>
    <ClCompile Include="source\lz4_wrapper.cpp">
      <Filter>Source Files</Filter>
    </ClCompile>
    <ClCompile Include="source\ResourceFileReader.cpp">
      <Filter>Source Files</Filter>
    </ClCompile>
    <ClCompile Include="source\rsa_wrapper.cpp">
      <Filter>Source Files</Filter>
    </ClCompile>
    <ClCompile Include="source\sha_wrapper.cpp">
      <Filter>Source Files</Filter>
    </ClCompile>
    <ClCompile Include="source\SimpleFile.cpp">
      <Filter>Source Files</Filter>
    </ClCompile>
    <ClCompile Include="source\SimpleTextOutput.cpp">
      <Filter>Source Files</Filter>
    </ClCompile>
    <ClCompile Include="source\StringConv.cpp">
      <Filter>Source Files</Filter>
    </ClCompile>
  </ItemGroup>
</Project>