<?xml version="1.0" encoding="utf-8"?>
<Project ToolsVersion="4.0" xmlns="http://schemas.microsoft.com/developer/msbuild/2003">
  <ItemGroup>
    <Filter Include="Source Files">
      <UniqueIdentifier>{4FC737F1-C7A5-4376-A066-2A32D752A2FF}</UniqueIdentifier>
      <Extensions>cpp;c;cc;cxx;def;odl;idl;hpj;bat;asm;asmx</Extensions>
    </Filter>
    <Filter Include="Header Files">
      <UniqueIdentifier>{93995380-89BD-4b04-88EB-625FBE52EBFB}</UniqueIdentifier>
      <Extensions>h;hh;hpp;hxx;hm;inl;inc;xsd</Extensions>
    </Filter>
    <Filter Include="Resource Files">
      <UniqueIdentifier>{67DA6AB6-F800-4c08-8B7A-83BB121AAD01}</UniqueIdentifier>
      <Extensions>rc;ico;cur;bmp;dlg;rc2;rct;bin;rgs;gif;jpg;jpeg;jpe;resx;tiff;tif;png;wav;mfcribbon-ms</Extensions>
    </Filter>
  </ItemGroup>
  <ItemGroup>
    <ClInclude Include="include\nx\AciBinary.h">
      <Filter>Header Files</Filter>
    </ClInclude>
    <ClInclude Include="include\nx\AcidBinary.h">
      <Filter>Header Files</Filter>
    </ClInclude>
    <ClInclude Include="include\nx\AciHeader.h">
      <Filter>Header Files</Filter>
    </ClInclude>
    <ClInclude Include="include\nx\FacBinary.h">
      <Filter>Header Files</Filter>
    </ClInclude>
    <ClInclude Include="include\nx\FacHeader.h">
      <Filter>Header Files</Filter>
    </ClInclude>
    <ClInclude Include="include\nx\HandleTableSizeEntry.h">
      <Filter>Header Files</Filter>
    </ClInclude>
    <ClInclude Include="include\nx\HandleTableSizeHandler.h">
      <Filter>Header Files</Filter>
    </ClInclude>
    <ClInclude Include="include\nx\IKernelCapabilityHandler.h">
      <Filter>Header Files</Filter>
    </ClInclude>
    <ClInclude Include="include\nx\InteruptEntry.h">
      <Filter>Header Files</Filter>
    </ClInclude>
    <ClInclude Include="include\nx\InteruptHandler.h">
      <Filter>Header Files</Filter>
    </ClInclude>
    <ClInclude Include="include\nx\KcBinary.h">
      <Filter>Header Files</Filter>
    </ClInclude>
    <ClInclude Include="include\nx\KernelCapability.h">
      <Filter>Header Files</Filter>
    </ClInclude>
    <ClInclude Include="include\nx\KernelVersionEntry.h">
      <Filter>Header Files</Filter>
    </ClInclude>
    <ClInclude Include="include\nx\KernelVersionHandler.h">
      <Filter>Header Files</Filter>
    </ClInclude>
    <ClInclude Include="include\nx\MemoryMappingHandler.h">
      <Filter>Header Files</Filter>
    </ClInclude>
    <ClInclude Include="include\nx\MemoryPageEntry.h">
      <Filter>Header Files</Filter>
    </ClInclude>
    <ClInclude Include="include\nx\MiscFlagsEntry.h">
      <Filter>Header Files</Filter>
    </ClInclude>
    <ClInclude Include="include\nx\MiscFlagsHandler.h">
      <Filter>Header Files</Filter>
    </ClInclude>
    <ClInclude Include="include\nx\MiscParamsEntry.h">
      <Filter>Header Files</Filter>
    </ClInclude>
    <ClInclude Include="include\nx\MiscParamsHandler.h">
      <Filter>Header Files</Filter>
    </ClInclude>
    <ClInclude Include="include\nx\NpdmBinary.h">
      <Filter>Header Files</Filter>
    </ClInclude>
    <ClInclude Include="include\nx\NpdmHeader.h">
      <Filter>Header Files</Filter>
    </ClInclude>
    <ClInclude Include="include\nx\NcaHeader.h">
      <Filter>Header Files</Filter>
    </ClInclude>
    <ClInclude Include="include\nx\NXCrypto.h">
      <Filter>Header Files</Filter>
    </ClInclude>
    <ClInclude Include="include\nx\PfsHeader.h">
      <Filter>Header Files</Filter>
    </ClInclude>
    <ClInclude Include="include\nx\SacBinary.h">
      <Filter>Header Files</Filter>
    </ClInclude>
    <ClInclude Include="include\nx\SacEntry.h">
      <Filter>Header Files</Filter>
    </ClInclude>
    <ClInclude Include="include\nx\SystemCallEntry.h">
      <Filter>Header Files</Filter>
    </ClInclude>
    <ClInclude Include="include\nx\SystemCallHandler.h">
      <Filter>Header Files</Filter>
    </ClInclude>
    <ClInclude Include="include\nx\ThreadInfoEntry.h">
      <Filter>Header Files</Filter>
    </ClInclude>
    <ClInclude Include="include\nx\ThreadInfoHandler.h">
      <Filter>Header Files</Filter>
    </ClInclude>
    <ClInclude Include="include\nx\nca.h">
      <Filter>Header Files</Filter>
    </ClInclude>
    <ClInclude Include="include\nx\pfs.h">
      <Filter>Header Files</Filter>
    </ClInclude>
    <ClInclude Include="include\nx\xci.h">
      <Filter>Header Files</Filter>
    </ClInclude>
    <ClInclude Include="include\nx\aci.h">
      <Filter>Header Files</Filter>
    </ClInclude>
    <ClInclude Include="include\nx\AesKeygen.h">
      <Filter>Header Files</Filter>
    </ClInclude>
    <ClInclude Include="include\nx\ivfc.h">
      <Filter>Header Files</Filter>
    </ClInclude>
    <ClInclude Include="include\nx\NcaUtils.h">
      <Filter>Header Files</Filter>
    </ClInclude>
    <ClInclude Include="include\nx\npdm.h">
      <Filter>Header Files</Filter>
    </ClInclude>
    <ClInclude Include="include\nx\romfs.h">
      <Filter>Header Files</Filter>
    </ClInclude>
    <ClInclude Include="include\nx\XciHeader.h">
      <Filter>Header Files</Filter>
    </ClInclude>
    <ClInclude Include="include\nx\XciUtils.h">
      <Filter>Header Files</Filter>
    </ClInclude>
    <ClInclude Include="include\nx\hierarchicalsha256.h">
      <Filter>Header Files</Filter>
    </ClInclude>
  </ItemGroup>
  <ItemGroup>
    <ClCompile Include="source\AciBinary.cpp">
      <Filter>Source Files</Filter>
    </ClCompile>
    <ClCompile Include="source\AcidBinary.cpp">
      <Filter>Source Files</Filter>
    </ClCompile>
    <ClCompile Include="source\AciHeader.cpp">
      <Filter>Source Files</Filter>
    </ClCompile>
    <ClCompile Include="source\FacBinary.cpp">
      <Filter>Source Files</Filter>
    </ClCompile>
    <ClCompile Include="source\FacHeader.cpp">
      <Filter>Source Files</Filter>
    </ClCompile>
    <ClCompile Include="source\HandleTableSizeEntry.cpp">
      <Filter>Source Files</Filter>
    </ClCompile>
    <ClCompile Include="source\HandleTableSizeHandler.cpp">
      <Filter>Source Files</Filter>
    </ClCompile>
    <ClCompile Include="source\InteruptEntry.cpp">
      <Filter>Source Files</Filter>
    </ClCompile>
    <ClCompile Include="source\InteruptHandler.cpp">
      <Filter>Source Files</Filter>
    </ClCompile>
    <ClCompile Include="source\KcBinary.cpp">
      <Filter>Source Files</Filter>
    </ClCompile>
    <ClCompile Include="source\KernelCapability.cpp">
      <Filter>Source Files</Filter>
    </ClCompile>
    <ClCompile Include="source\KernelVersionEntry.cpp">
      <Filter>Source Files</Filter>
    </ClCompile>
    <ClCompile Include="source\KernelVersionHandler.cpp">
      <Filter>Source Files</Filter>
    </ClCompile>
    <ClCompile Include="source\MemoryMappingHandler.cpp">
      <Filter>Source Files</Filter>
    </ClCompile>
    <ClCompile Include="source\MemoryPageEntry.cpp">
      <Filter>Source Files</Filter>
    </ClCompile>
    <ClCompile Include="source\MiscFlagsEntry.cpp">
      <Filter>Source Files</Filter>
    </ClCompile>
    <ClCompile Include="source\MiscFlagsHandler.cpp">
      <Filter>Source Files</Filter>
    </ClCompile>
    <ClCompile Include="source\MiscParamsEntry.cpp">
      <Filter>Source Files</Filter>
    </ClCompile>
    <ClCompile Include="source\MiscParamsHandler.cpp">
      <Filter>Source Files</Filter>
    </ClCompile>
    <ClCompile Include="source\NpdmBinary.cpp">
      <Filter>Source Files</Filter>
    </ClCompile>
    <ClCompile Include="source\NpdmHeader.cpp">
      <Filter>Source Files</Filter>
    </ClCompile>
    <ClCompile Include="source\NcaHeader.cpp">
      <Filter>Source Files</Filter>
    </ClCompile>
    <ClCompile Include="source\PfsHeader.cpp">
      <Filter>Source Files</Filter>
    </ClCompile>
    <ClCompile Include="source\SacBinary.cpp">
      <Filter>Source Files</Filter>
    </ClCompile>
    <ClCompile Include="source\SacEntry.cpp">
      <Filter>Source Files</Filter>
    </ClCompile>
    <ClCompile Include="source\SystemCallEntry.cpp">
      <Filter>Source Files</Filter>
    </ClCompile>
    <ClCompile Include="source\SystemCallHandler.cpp">
      <Filter>Source Files</Filter>
    </ClCompile>
    <ClCompile Include="source\ThreadInfoEntry.cpp">
      <Filter>Source Files</Filter>
    </ClCompile>
    <ClCompile Include="source\ThreadInfoHandler.cpp">
      <Filter>Source Files</Filter>
    </ClCompile>
    <ClCompile Include="source\AesKeygen.cpp">
      <Filter>Source Files</Filter>
    </ClCompile>
    <ClCompile Include="source\NcaUtils.cpp">
      <Filter>Source Files</Filter>
    </ClCompile>
    <ClCompile Include="source\XciHeader.cpp">
      <Filter>Source Files</Filter>
    </ClCompile>
    <ClCompile Include="source\XciUtils.cpp">
      <Filter>Source Files</Filter>
    </ClCompile>
  </ItemGroup>
  <ItemGroup>
    <None Include="makefile" />
  </ItemGroup>
</Project>